<Solution>
  <Folder Name="/src/">
    <Project Path="src/Atlas.Api/Atlas.Api.csproj" />
    <Project Path="src/Atlas.Application/Atlas.Application.csproj" />
    <Project Path="src/Atlas.Domain/Atlas.Domain.csproj" />
    <Project Path="src/Atlas.Infrastructure/Atlas.Infrastructure.csproj" />
  </Folder>
  <Folder Name="/tests/">
    <Project Path="tests/Atlas.Tests/Atlas.Tests.csproj" />
  </Folder>
</Solution>
